
Microsoft Visual Studio Solution File, Format Version 12.00
# Visual Studio Version 17
VisualStudioVersion = 17.7.34031.279
MinimumVisualStudioVersion = 10.0.40219.1
Project("{9A19103F-16F7-4668-BE54-9A1E7A4F7556}") = "1. API", "1. API\1. API.csproj", "{AB913740-FE3D-4F0D-9495-7FD067715E22}"
EndProject
Project("{9A19103F-16F7-4668-BE54-9A1E7A4F7556}") = "2. Domain", "2. Domain\2. Domain.csproj", "{70B69BE0-6B39-4749-9935-7634AEF6E84C}"
EndProject
Project("{9A19103F-16F7-4668-BE54-9A1E7A4F7556}") = "3. Data", "3. Data\3. Data.csproj", "{77DF83E2-C737-4F2A-B801-7F2CD2D7E14B}"
EndProject
Project("{9A19103F-16F7-4668-BE54-9A1E7A4F7556}") = "1. API.Tests", "1. API.Tests\1. API.Tests.csproj", "{4EBE7A7E-2206-4D44-AADB-B266A963A55B}"
EndProject
Project("{9A19103F-16F7-4668-BE54-9A1E7A4F7556}") = "2. Domain.Tests", "2. Domain.Tests\2. Domain.Tests.csproj", "{94C44B5B-2C0F-4722-B711-94F7A26DCC30}"
EndProject
Project("{9A19103F-16F7-4668-BE54-9A1E7A4F7556}") = "3. Data.Tests", "3. Data.Tests\3. Data.Tests.csproj", "{B8FBA46F-8265-46D5-B814-83CE08160A65}"
EndProject
Project("{FAE04EC0-301F-11D3-BF4B-00C04F79EFBC}") = "4. Shared", "4. Shared\4. Shared.csproj", "{75F0F208-D73D-4D40-9C5C-503D6F0E2AB3}"
EndProject
Global
	GlobalSection(SolutionConfigurationPlatforms) = preSolution
		Debug|Any CPU = Debug|Any CPU
		Release|Any CPU = Release|Any CPU
	EndGlobalSection
	GlobalSection(ProjectConfigurationPlatforms) = postSolution
		{AB913740-FE3D-4F0D-9495-7FD067715E22}.Debug|Any CPU.ActiveCfg = Debug|Any CPU
		{AB913740-FE3D-4F0D-9495-7FD067715E22}.Debug|Any CPU.Build.0 = Debug|Any CPU
		{AB913740-FE3D-4F0D-9495-7FD067715E22}.Release|Any CPU.ActiveCfg = Release|Any CPU
		{AB913740-FE3D-4F0D-9495-7FD067715E22}.Release|Any CPU.Build.0 = Release|Any CPU
		{70B69BE0-6B39-4749-9935-7634AEF6E84C}.Debug|Any CPU.ActiveCfg = Debug|Any CPU
		{70B69BE0-6B39-4749-9935-7634AEF6E84C}.Debug|Any CPU.Build.0 = Debug|Any CPU
		{70B69BE0-6B39-4749-9935-7634AEF6E84C}.Release|Any CPU.ActiveCfg = Release|Any CPU
		{70B69BE0-6B39-4749-9935-7634AEF6E84C}.Release|Any CPU.Build.0 = Release|Any CPU
		{77DF83E2-C737-4F2A-B801-7F2CD2D7E14B}.Debug|Any CPU.ActiveCfg = Debug|Any CPU
		{77DF83E2-C737-4F2A-B801-7F2CD2D7E14B}.Debug|Any CPU.Build.0 = Debug|Any CPU
		{77DF83E2-C737-4F2A-B801-7F2CD2D7E14B}.Release|Any CPU.ActiveCfg = Release|Any CPU
		{77DF83E2-C737-4F2A-B801-7F2CD2D7E14B}.Release|Any CPU.Build.0 = Release|Any CPU
		{4EBE7A7E-2206-4D44-AADB-B266A963A55B}.Debug|Any CPU.ActiveCfg = Debug|Any CPU
		{4EBE7A7E-2206-4D44-AADB-B266A963A55B}.Debug|Any CPU.Build.0 = Debug|Any CPU
		{4EBE7A7E-2206-4D44-AADB-B266A963A55B}.Release|Any CPU.ActiveCfg = Release|Any CPU
		{4EBE7A7E-2206-4D44-AADB-B266A963A55B}.Release|Any CPU.Build.0 = Release|Any CPU
		{94C44B5B-2C0F-4722-B711-94F7A26DCC30}.Debug|Any CPU.ActiveCfg = Debug|Any CPU
		{94C44B5B-2C0F-4722-B711-94F7A26DCC30}.Debug|Any CPU.Build.0 = Debug|Any CPU
		{94C44B5B-2C0F-4722-B711-94F7A26DCC30}.Release|Any CPU.ActiveCfg = Release|Any CPU
		{94C44B5B-2C0F-4722-B711-94F7A26DCC30}.Release|Any CPU.Build.0 = Release|Any CPU
		{B8FBA46F-8265-46D5-B814-83CE08160A65}.Debug|Any CPU.ActiveCfg = Debug|Any CPU
		{B8FBA46F-8265-46D5-B814-83CE08160A65}.Debug|Any CPU.Build.0 = Debug|Any CPU
		{B8FBA46F-8265-46D5-B814-83CE08160A65}.Release|Any CPU.ActiveCfg = Release|Any CPU
		{B8FBA46F-8265-46D5-B814-83CE08160A65}.Release|Any CPU.Build.0 = Release|Any CPU
		{75F0F208-D73D-4D40-9C5C-503D6F0E2AB3}.Debug|Any CPU.ActiveCfg = Debug|Any CPU
		{75F0F208-D73D-4D40-9C5C-503D6F0E2AB3}.Debug|Any CPU.Build.0 = Debug|Any CPU
		{75F0F208-D73D-4D40-9C5C-503D6F0E2AB3}.Release|Any CPU.ActiveCfg = Release|Any CPU
		{75F0F208-D73D-4D40-9C5C-503D6F0E2AB3}.Release|Any CPU.Build.0 = Release|Any CPU
	EndGlobalSection
	GlobalSection(SolutionProperties) = preSolution
		HideSolutionNode = FALSE
	EndGlobalSection
	GlobalSection(ExtensibilityGlobals) = postSolution
		SolutionGuid = {9A97EB8F-A653-4555-8503-7EA285815841}
	EndGlobalSection
EndGlobal
